
Microsoft Visual Studio Solution File, Format Version 12.00
# Visual Studio Version 17
VisualStudioVersion = 17.9.34622.214
MinimumVisualStudioVersion = 10.0.40219.1
Project("{FAE04EC0-301F-11D3-BF4B-00C04F79EFBC}") = "MvcPaginacionExamenMauricio", "MvcPaginacionExamenMauricio\MvcPaginacionExamenMauricio.csproj", "{8BF9B28F-F164-458F-A60D-A50610588FCB}"
EndProject
Global
	GlobalSection(SolutionConfigurationPlatforms) = preSolution
		Debug|Any CPU = Debug|Any CPU
		Release|Any CPU = Release|Any CPU
	EndGlobalSection
	GlobalSection(ProjectConfigurationPlatforms) = postSolution
		{8BF9B28F-F164-458F-A60D-A50610588FCB}.Debug|Any CPU.ActiveCfg = Debug|Any CPU
		{8BF9B28F-F164-458F-A60D-A50610588FCB}.Debug|Any CPU.Build.0 = Debug|Any CPU
		{8BF9B28F-F164-458F-A60D-A50610588FCB}.Release|Any CPU.ActiveCfg = Release|Any CPU
		{8BF9B28F-F164-458F-A60D-A50610588FCB}.Release|Any CPU.Build.0 = Release|Any CPU
	EndGlobalSection
	GlobalSection(SolutionProperties) = preSolution
		HideSolutionNode = FALSE
	EndGlobalSection
	GlobalSection(ExtensibilityGlobals) = postSolution
		SolutionGuid = {123E626A-96A1-4944-8BDE-333ED4C90F73}
	EndGlobalSection
EndGlobal
